
Microsoft Visual Studio Solution File, Format Version 12.00
# Visual Studio Version 16
VisualStudioVersion = 16.0.30711.63
MinimumVisualStudioVersion = 10.0.40219.1
Project("{9A19103F-16F7-4668-BE54-9A1E7A4F7556}") = "fantazijos_lyga", "fantazijos_lyga.csproj", "{A59ED8F6-2758-422B-9E84-327DEBEC5432}"
EndProject
Global
	GlobalSection(SolutionConfigurationPlatforms) = preSolution
		Debug|Any CPU = Debug|Any CPU
		Release|Any CPU = Release|Any CPU
	EndGlobalSection
	GlobalSection(ProjectConfigurationPlatforms) = postSolution
		{A59ED8F6-2758-422B-9E84-327DEBEC5432}.Debug|Any CPU.ActiveCfg = Debug|Any CPU
		{A59ED8F6-2758-422B-9E84-327DEBEC5432}.Debug|Any CPU.Build.0 = Debug|Any CPU
		{A59ED8F6-2758-422B-9E84-327DEBEC5432}.Release|Any CPU.ActiveCfg = Release|Any CPU
		{A59ED8F6-2758-422B-9E84-327DEBEC5432}.Release|Any CPU.Build.0 = Release|Any CPU
	EndGlobalSection
	GlobalSection(SolutionProperties) = preSolution
		HideSolutionNode = FALSE
	EndGlobalSection
	GlobalSection(ExtensibilityGlobals) = postSolution
		SolutionGuid = {16471944-9976-47A1-93B7-B29166600589}
	EndGlobalSection
EndGlobal
